// !$*UTF8*$!
{
	archiveVersion = 1;
	classes = {
	};
	objectVersion = 55;
	objects = {

/* Begin PBXBuildFile section */
		B09B48522730BB2E0098550F /* AppDelegate.swift in Sources */ = {isa = PBXBuildFile; fileRef = B09B48512730BB2E0098550F /* AppDelegate.swift */; };
		B09B48542730BB2E0098550F /* SceneDelegate.swift in Sources */ = {isa = PBXBuildFile; fileRef = B09B48532730BB2E0098550F /* SceneDelegate.swift */; };
		B09B48562730BB2E0098550F /* ViewController.swift in Sources */ = {isa = PBXBuildFile; fileRef = B09B48552730BB2E0098550F /* ViewController.swift */; };
		B09B48592730BB2E0098550F /* Main.storyboard in Resources */ = {isa = PBXBuildFile; fileRef = B09B48572730BB2E0098550F /* Main.storyboard */; };
		B09B485B2730BB310098550F /* Assets.xcassets in Resources */ = {isa = PBXBuildFile; fileRef = B09B485A2730BB310098550F /* Assets.xcassets */; };
		B09B485E2730BB310098550F /* LaunchScreen.storyboard in Resources */ = {isa = PBXBuildFile; fileRef = B09B485C2730BB310098550F /* LaunchScreen.storyboard */; };
		B09B48692730BB310098550F /* dmvTests.swift in Sources */ = {isa = PBXBuildFile; fileRef = B09B48682730BB310098550F /* dmvTests.swift */; };
		B09B48732730BB320098550F /* dmvUITests.swift in Sources */ = {isa = PBXBuildFile; fileRef = B09B48722730BB320098550F /* dmvUITests.swift */; };
		B09B48752730BB320098550F /* dmvUITestsLaunchTests.swift in Sources */ = {isa = PBXBuildFile; fileRef = B09B48742730BB320098550F /* dmvUITestsLaunchTests.swift */; };
/* End PBXBuildFile section */

/* Begin PBXContainerItemProxy section */
		B09B48652730BB310098550F /* PBXContainerItemProxy */ = {
			isa = PBXContainerItemProxy;
			containerPortal = B09B48462730BB2E0098550F /* Project object */;
			proxyType = 1;
			remoteGlobalIDString = B09B484D2730BB2E0098550F;
			remoteInfo = dmv;
		};
		B09B486F2730BB320098550F /* PBXContainerItemProxy */ = {
			isa = PBXContainerItemProxy;
			containerPortal = B09B48462730BB2E0098550F /* Project object */;
			proxyType = 1;
			remoteGlobalIDString = B09B484D2730BB2E0098550F;
			remoteInfo = dmv;
		};
/* End PBXContainerItemProxy section */

/* Begin PBXFileReference section */
		B09B484E2730BB2E0098550F /* dmv.app */ = {isa = PBXFileReference; explicitFileType = wrapper.application; includeInIndex = 0; path = dmv.app; sourceTree = BUILT_PRODUCTS_DIR; };
		B09B48512730BB2E0098550F /* AppDelegate.swift */ = {isa = PBXFileReference; lastKnownFileType = sourcecode.swift; path = AppDelegate.swift; sourceTree = "<group>"; };
		B09B48532730BB2E0098550F /* SceneDelegate.swift */ = {isa = PBXFileReference; lastKnownFileType = sourcecode.swift; path = SceneDelegate.swift; sourceTree = "<group>"; };
		B09B48552730BB2E0098550F /* ViewController.swift */ = {isa = PBXFileReference; lastKnownFileType = sourcecode.swift; path = ViewController.swift; sourceTree = "<group>"; };
		B09B48582730BB2E0098550F /* Base */ = {isa = PBXFileReference; lastKnownFileType = file.storyboard; name = Base; path = Base.lproj/Main.storyboard; sourceTree = "<group>"; };
		B09B485A2730BB310098550F /* Assets.xcassets */ = {isa = PBXFileReference; lastKnownFileType = folder.assetcatalog; path = Assets.xcassets; sourceTree = "<group>"; };
		B09B485D2730BB310098550F /* Base */ = {isa = PBXFileReference; lastKnownFileType = file.storyboard; name = Base; path = Base.lproj/LaunchScreen.storyboard; sourceTree = "<group>"; };
		B09B485F2730BB310098550F /* Info.plist */ = {isa = PBXFileReference; lastKnownFileType = text.plist.xml; path = Info.plist; sourceTree = "<group>"; };
		B09B48642730BB310098550F /* dmvTests.xctest */ = {isa = PBXFileReference; explicitFileType = wrapper.cfbundle; includeInIndex = 0; path = dmvTests.xctest; sourceTree = BUILT_PRODUCTS_DIR; };
		B09B48682730BB310098550F /* dmvTests.swift */ = {isa = PBXFileReference; lastKnownFileType = sourcecode.swift; path = dmvTests.swift; sourceTree = "<group>"; };
		B09B486E2730BB310098550F /* dmvUITests.xctest */ = {isa = PBXFileReference; explicitFileType = wrapper.cfbundle; includeInIndex = 0; path = dmvUITests.xctest; sourceTree = BUILT_PRODUCTS_DIR; };
		B09B48722730BB320098550F /* dmvUITests.swift */ = {isa = PBXFileReference; lastKnownFileType = sourcecode.swift; path = dmvUITests.swift; sourceTree = "<group>"; };
		B09B48742730BB320098550F /* dmvUITestsLaunchTests.swift */ = {isa = PBXFileReference; lastKnownFileType = sourcecode.swift; path = dmvUITestsLaunchTests.swift; sourceTree = "<group>"; };
/* End PBXFileReference section */

/* Begin PBXFrameworksBuildPhase section */
		B09B484B2730BB2E0098550F /* Frameworks */ = {
			isa = PBXFrameworksBuildPhase;
			buildActionMask = 2147483647;
			files = (
			);
			runOnlyForDeploymentPostprocessing = 0;
		};
		B09B48612730BB310098550F /* Frameworks */ = {
			isa = PBXFrameworksBuildPhase;
			buildActionMask = 2147483647;
			files = (
			);
			runOnlyForDeploymentPostprocessing = 0;
		};
		B09B486B2730BB310098550F /* Frameworks */ = {
			isa = PBXFrameworksBuildPhase;
			buildActionMask = 2147483647;
			files = (
			);
			runOnlyForDeploymentPostprocessing = 0;
		};
/* End PBXFrameworksBuildPhase section */

/* Begin PBXGroup section */
		B09B48452730BB2E0098550F = {
			isa = PBXGroup;
			children = (
				B09B48502730BB2E0098550F /* dmv */,
				B09B48672730BB310098550F /* dmvTests */,
				B09B48712730BB320098550F /* dmvUITests */,
				B09B484F2730BB2E0098550F /* Products */,
			);
			sourceTree = "<group>";
		};
		B09B484F2730BB2E0098550F /* Products */ = {
			isa = PBXGroup;
			children = (
				B09B484E2730BB2E0098550F /* dmv.app */,
				B09B48642730BB310098550F /* dmvTests.xctest */,
				B09B486E2730BB310098550F /* dmvUITests.xctest */,
			);
			name = Products;
			sourceTree = "<group>";
		};
		B09B48502730BB2E0098550F /* dmv */ = {
			isa = PBXGroup;
			children = (
				B09B48512730BB2E0098550F /* AppDelegate.swift */,
				B09B48532730BB2E0098550F /* SceneDelegate.swift */,
				B09B48552730BB2E0098550F /* ViewController.swift */,
				B09B48572730BB2E0098550F /* Main.storyboard */,
				B09B485A2730BB310098550F /* Assets.xcassets */,
				B09B485C2730BB310098550F /* LaunchScreen.storyboard */,
				B09B485F2730BB310098550F /* Info.plist */,
			);
			path = dmv;
			sourceTree = "<group>";
		};
		B09B48672730BB310098550F /* dmvTests */ = {
			isa = PBXGroup;
			children = (
				B09B48682730BB310098550F /* dmvTests.swift */,
			);
			path = dmvTests;
			sourceTree = "<group>";
		};
		B09B48712730BB320098550F /* dmvUITests */ = {
			isa = PBXGroup;
			children = (
				B09B48722730BB320098550F /* dmvUITests.swift */,
				B09B48742730BB320098550F /* dmvUITestsLaunchTests.swift */,
			);
			path = dmvUITests;
			sourceTree = "<group>";
		};
/* End PBXGroup section */

/* Begin PBXNativeTarget section */
		B09B484D2730BB2E0098550F /* dmv */ = {
			isa = PBXNativeTarget;
			buildConfigurationList = B09B48782730BB320098550F /* Build configuration list for PBXNativeTarget "dmv" */;
			buildPhases = (
				B09B484A2730BB2E0098550F /* Sources */,
				B09B484B2730BB2E0098550F /* Frameworks */,
				B09B484C2730BB2E0098550F /* Resources */,
			);
			buildRules = (
			);
			dependencies = (
			);
			name = dmv;
			productName = dmv;
			productReference = B09B484E2730BB2E0098550F /* dmv.app */;
			productType = "com.apple.product-type.application";
		};
		B09B48632730BB310098550F /* dmvTests */ = {
			isa = PBXNativeTarget;
			buildConfigurationList = B09B487B2730BB320098550F /* Build configuration list for PBXNativeTarget "dmvTests" */;
			buildPhases = (
				B09B48602730BB310098550F /* Sources */,
				B09B48612730BB310098550F /* Frameworks */,
				B09B48622730BB310098550F /* Resources */,
			);
			buildRules = (
			);
			dependencies = (
				B09B48662730BB310098550F /* PBXTargetDependency */,
			);
			name = dmvTests;
			productName = dmvTests;
			productReference = B09B48642730BB310098550F /* dmvTests.xctest */;
			productType = "com.apple.product-type.bundle.unit-test";
		};
		B09B486D2730BB310098550F /* dmvUITests */ = {
			isa = PBXNativeTarget;
			buildConfigurationList = B09B487E2730BB320098550F /* Build configuration list for PBXNativeTarget "dmvUITests" */;
			buildPhases = (
				B09B486A2730BB310098550F /* Sources */,
				B09B486B2730BB310098550F /* Frameworks */,
				B09B486C2730BB310098550F /* Resources */,
			);
			buildRules = (
			);
			dependencies = (
				B09B48702730BB320098550F /* PBXTargetDependency */,
			);
			name = dmvUITests;
			productName = dmvUITests;
			productReference = B09B486E2730BB310098550F /* dmvUITests.xctest */;
			productType = "com.apple.product-type.bundle.ui-testing";
		};
/* End PBXNativeTarget section */

/* Begin PBXProject section */
		B09B48462730BB2E0098550F /* Project object */ = {
			isa = PBXProject;
			attributes = {
				BuildIndependentTargetsInParallel = 1;
				LastSwiftUpdateCheck = 1310;
				LastUpgradeCheck = 1310;
				TargetAttributes = {
					B09B484D2730BB2E0098550F = {
						CreatedOnToolsVersion = 13.1;
					};
					B09B48632730BB310098550F = {
						CreatedOnToolsVersion = 13.1;
						TestTargetID = B09B484D2730BB2E0098550F;
					};
					B09B486D2730BB310098550F = {
						CreatedOnToolsVersion = 13.1;
						TestTargetID = B09B484D2730BB2E0098550F;
					};
				};
			};
			buildConfigurationList = B09B48492730BB2E0098550F /* Build configuration list for PBXProject "dmv" */;
			compatibilityVersion = "Xcode 13.0";
			developmentRegion = en;
			hasScannedForEncodings = 0;
			knownRegions = (
				en,
				Base,
			);
			mainGroup = B09B48452730BB2E0098550F;
			productRefGroup = B09B484F2730BB2E0098550F /* Products */;
			projectDirPath = "";
			projectRoot = "";
			targets = (
				B09B484D2730BB2E0098550F /* dmv */,
				B09B48632730BB310098550F /* dmvTests */,
				B09B486D2730BB310098550F /* dmvUITests */,
			);
		};
/* End PBXProject section */

/* Begin PBXResourcesBuildPhase section */
		B09B484C2730BB2E0098550F /* Resources */ = {
			isa = PBXResourcesBuildPhase;
			buildActionMask = 2147483647;
			files = (
				B09B485E2730BB310098550F /* LaunchScreen.storyboard in Resources */,
				B09B485B2730BB310098550F /* Assets.xcassets in Resources */,
				B09B48592730BB2E0098550F /* Main.storyboard in Resources */,
			);
			runOnlyForDeploymentPostprocessing = 0;
		};
		B09B48622730BB310098550F /* Resources */ = {
			isa = PBXResourcesBuildPhase;
			buildActionMask = 2147483647;
			files = (
			);
			runOnlyForDeploymentPostprocessing = 0;
		};
		B09B486C2730BB310098550F /* Resources */ = {
			isa = PBXResourcesBuildPhase;
			buildActionMask = 2147483647;
			files = (
			);
			runOnlyForDeploymentPostprocessing = 0;
		};
/* End PBXResourcesBuildPhase section */

/* Begin PBXSourcesBuildPhase section */
		B09B484A2730BB2E0098550F /* Sources */ = {
			isa = PBXSourcesBuildPhase;
			buildActionMask = 2147483647;
			files = (
				B09B48562730BB2E0098550F /* ViewController.swift in Sources */,
				B09B48522730BB2E0098550F /* AppDelegate.swift in Sources */,
				B09B48542730BB2E0098550F /* SceneDelegate.swift in Sources */,
			);
			runOnlyForDeploymentPostprocessing = 0;
		};
		B09B48602730BB310098550F /* Sources */ = {
			isa = PBXSourcesBuildPhase;
			buildActionMask = 2147483647;
			files = (
				B09B48692730BB310098550F /* dmvTests.swift in Sources */,
			);
			runOnlyForDeploymentPostprocessing = 0;
		};
		B09B486A2730BB310098550F /* Sources */ = {
			isa = PBXSourcesBuildPhase;
			buildActionMask = 2147483647;
			files = (
				B09B48752730BB320098550F /* dmvUITestsLaunchTests.swift in Sources */,
				B09B48732730BB320098550F /* dmvUITests.swift in Sources */,
			);
			runOnlyForDeploymentPostprocessing = 0;
		};
/* End PBXSourcesBuildPhase section */

/* Begin PBXTargetDependency section */
		B09B48662730BB310098550F /* PBXTargetDependency */ = {
			isa = PBXTargetDependency;
			target = B09B484D2730BB2E0098550F /* dmv */;
			targetProxy = B09B48652730BB310098550F /* PBXContainerItemProxy */;
		};
		B09B48702730BB320098550F /* PBXTargetDependency */ = {
			isa = PBXTargetDependency;
			target = B09B484D2730BB2E0098550F /* dmv */;
			targetProxy = B09B486F2730BB320098550F /* PBXContainerItemProxy */;
		};
/* End PBXTargetDependency section */

/* Begin PBXVariantGroup section */
		B09B48572730BB2E0098550F /* Main.storyboard */ = {
			isa = PBXVariantGroup;
			children = (
				B09B48582730BB2E0098550F /* Base */,
			);
			name = Main.storyboard;
			sourceTree = "<group>";
		};
		B09B485C2730BB310098550F /* LaunchScreen.storyboard */ = {
			isa = PBXVariantGroup;
			children = (
				B09B485D2730BB310098550F /* Base */,
			);
			name = LaunchScreen.storyboard;
			sourceTree = "<group>";
		};
/* End PBXVariantGroup section */

/* Begin XCBuildConfiguration section */
		B09B48762730BB320098550F /* Debug */ = {
			isa = XCBuildConfiguration;
			buildSettings = {
				ALWAYS_SEARCH_USER_PATHS = NO;
				CLANG_ANALYZER_NONNULL = YES;
				CLANG_ANALYZER_NUMBER_OBJECT_CONVERSION = YES_AGGRESSIVE;
				CLANG_CXX_LANGUAGE_STANDARD = "gnu++17";
				CLANG_CXX_LIBRARY = "libc++";
				CLANG_ENABLE_MODULES = YES;
				CLANG_ENABLE_OBJC_ARC = YES;
				CLANG_ENABLE_OBJC_WEAK = YES;
				CLANG_WARN_BLOCK_CAPTURE_AUTORELEASING = YES;
				CLANG_WARN_BOOL_CONVERSION = YES;
				CLANG_WARN_COMMA = YES;
				CLANG_WARN_CONSTANT_CONVERSION = YES;
				CLANG_WARN_DEPRECATED_OBJC_IMPLEMENTATIONS = YES;
				CLANG_WARN_DIRECT_OBJC_ISA_USAGE = YES_ERROR;
				CLANG_WARN_DOCUMENTATION_COMMENTS = YES;
				CLANG_WARN_EMPTY_BODY = YES;
				CLANG_WARN_ENUM_CONVERSION = YES;
				CLANG_WARN_INFINITE_RECURSION = YES;
				CLANG_WARN_INT_CONVERSION = YES;
				CLANG_WARN_NON_LITERAL_NULL_CONVERSION = YES;
				CLANG_WARN_OBJC_IMPLICIT_RETAIN_SELF = YES;
				CLANG_WARN_OBJC_LITERAL_CONVERSION = YES;
				CLANG_WARN_OBJC_ROOT_CLASS = YES_ERROR;
				CLANG_WARN_QUOTED_INCLUDE_IN_FRAMEWORK_HEADER = YES;
				CLANG_WARN_RANGE_LOOP_ANALYSIS = YES;
				CLANG_WARN_STRICT_PROTOTYPES = YES;
				CLANG_WARN_SUSPICIOUS_MOVE = YES;
				CLANG_WARN_UNGUARDED_AVAILABILITY = YES_AGGRESSIVE;
				CLANG_WARN_UNREACHABLE_CODE = YES;
				CLANG_WARN__DUPLICATE_METHOD_MATCH = YES;
				COPY_PHASE_STRIP = NO;
				DEBUG_INFORMATION_FORMAT = dwarf;
				ENABLE_STRICT_OBJC_MSGSEND = YES;
				ENABLE_TESTABILITY = YES;
				GCC_C_LANGUAGE_STANDARD = gnu11;
				GCC_DYNAMIC_NO_PIC = NO;
				GCC_NO_COMMON_BLOCKS = YES;
				GCC_OPTIMIZATION_LEVEL = 0;
				GCC_PREPROCESSOR_DEFINITIONS = (
					"DEBUG=1",
					"$(inherited)",
				);
				GCC_WARN_64_TO_32_BIT_CONVERSION = YES;
				GCC_WARN_ABOUT_RETURN_TYPE = YES_ERROR;
				GCC_WARN_UNDECLARED_SELECTOR = YES;
				GCC_WARN_UNINITIALIZED_AUTOS = YES_AGGRESSIVE;
				GCC_WARN_UNUSED_FUNCTION = YES;
				GCC_WARN_UNUSED_VARIABLE = YES;
				IPHONEOS_DEPLOYMENT_TARGET = 15.0;
				MTL_ENABLE_DEBUG_INFO = INCLUDE_SOURCE;
				MTL_FAST_MATH = YES;
				ONLY_ACTIVE_ARCH = YES;
				SDKROOT = iphoneos;
				SWIFT_ACTIVE_COMPILATION_CONDITIONS = DEBUG;
				SWIFT_OPTIMIZATION_LEVEL = "-Onone";
			};
			name = Debug;
		};
		B09B48772730BB320098550F /* Release */ = {
			isa = XCBuildConfiguration;
			buildSettings = {
				ALWAYS_SEARCH_USER_PATHS = NO;
				CLANG_ANALYZER_NONNULL = YES;
				CLANG_ANALYZER_NUMBER_OBJECT_CONVERSION = YES_AGGRESSIVE;
				CLANG_CXX_LANGUAGE_STANDARD = "gnu++17";
				CLANG_CXX_LIBRARY = "libc++";
				CLANG_ENABLE_MODULES = YES;
				CLANG_ENABLE_OBJC_ARC = YES;
				CLANG_ENABLE_OBJC_WEAK = YES;
				CLANG_WARN_BLOCK_CAPTURE_AUTORELEASING = YES;
				CLANG_WARN_BOOL_CONVERSION = YES;
				CLANG_WARN_COMMA = YES;
				CLANG_WARN_CONSTANT_CONVERSION = YES;
				CLANG_WARN_DEPRECATED_OBJC_IMPLEMENTATIONS = YES;
				CLANG_WARN_DIRECT_OBJC_ISA_USAGE = YES_ERROR;
				CLANG_WARN_DOCUMENTATION_COMMENTS = YES;
				CLANG_WARN_EMPTY_BODY = YES;
				CLANG_WARN_ENUM_CONVERSION = YES;
				CLANG_WARN_INFINITE_RECURSION = YES;
				CLANG_WARN_INT_CONVERSION = YES;
				CLANG_WARN_NON_LITERAL_NULL_CONVERSION = YES;
				CLANG_WARN_OBJC_IMPLICIT_RETAIN_SELF = YES;
				CLANG_WARN_OBJC_LITERAL_CONVERSION = YES;
				CLANG_WARN_OBJC_ROOT_CLASS = YES_ERROR;
				CLANG_WARN_QUOTED_INCLUDE_IN_FRAMEWORK_HEADER = YES;
				CLANG_WARN_RANGE_LOOP_ANALYSIS = YES;
				CLANG_WARN_STRICT_PROTOTYPES = YES;
				CLANG_WARN_SUSPICIOUS_MOVE = YES;
				CLANG_WARN_UNGUARDED_AVAILABILITY = YES_AGGRESSIVE;
				CLANG_WARN_UNREACHABLE_CODE = YES;
				CLANG_WARN__DUPLICATE_METHOD_MATCH = YES;
				COPY_PHASE_STRIP = NO;
				DEBUG_INFORMATION_FORMAT = "dwarf-with-dsym";
				ENABLE_NS_ASSERTIONS = NO;
				ENABLE_STRICT_OBJC_MSGSEND = YES;
				GCC_C_LANGUAGE_STANDARD = gnu11;
				GCC_NO_COMMON_BLOCKS = YES;
				GCC_WARN_64_TO_32_BIT_CONVERSION = YES;
				GCC_WARN_ABOUT_RETURN_TYPE = YES_ERROR;
				GCC_WARN_UNDECLARED_SELECTOR = YES;
				GCC_WARN_UNINITIALIZED_AUTOS = YES_AGGRESSIVE;
				GCC_WARN_UNUSED_FUNCTION = YES;
				GCC_WARN_UNUSED_VARIABLE = YES;
				IPHONEOS_DEPLOYMENT_TARGET = 15.0;
				MTL_ENABLE_DEBUG_INFO = NO;
				MTL_FAST_MATH = YES;
				SDKROOT = iphoneos;
				SWIFT_COMPILATION_MODE = wholemodule;
				SWIFT_OPTIMIZATION_LEVEL = "-O";
				VALIDATE_PRODUCT = YES;
			};
			name = Release;
		};
		B09B48792730BB320098550F /* Debug */ = {
			isa = XCBuildConfiguration;
			buildSettings = {
				ASSETCATALOG_COMPILER_APPICON_NAME = AppIcon;
				ASSETCATALOG_COMPILER_GLOBAL_ACCENT_COLOR_NAME = AccentColor;
				CODE_SIGN_STYLE = Automatic;
				CURRENT_PROJECT_VERSION = 1;
				GENERATE_INFOPLIST_FILE = YES;
				INFOPLIST_FILE = dmv/Info.plist;
				INFOPLIST_KEY_UIApplicationSupportsIndirectInputEvents = YES;
				INFOPLIST_KEY_UILaunchStoryboardName = LaunchScreen;
				INFOPLIST_KEY_UIMainStoryboardFile = Main;
				INFOPLIST_KEY_UISupportedInterfaceOrientations_iPad = "UIInterfaceOrientationPortrait UIInterfaceOrientationPortraitUpsideDown UIInterfaceOrientationLandscapeLeft UIInterfaceOrientationLandscapeRight";
				INFOPLIST_KEY_UISupportedInterfaceOrientations_iPhone = "UIInterfaceOrientationPortrait UIInterfaceOrientationLandscapeLeft UIInterfaceOrientationLandscapeRight";
				LD_RUNPATH_SEARCH_PATHS = (
					"$(inherited)",
					"@executable_path/Frameworks",
				);
				MARKETING_VERSION = 1.0;
				PRODUCT_BUNDLE_IDENTIFIER = carlosBurbano.dmv;
				PRODUCT_NAME = "$(TARGET_NAME)";
				SWIFT_EMIT_LOC_STRINGS = YES;
				SWIFT_VERSION = 5.0;
				TARGETED_DEVICE_FAMILY = "1,2";
			};
			name = Debug;
		};
		B09B487A2730BB320098550F /* Release */ = {
			isa = XCBuildConfiguration;
			buildSettings = {
				ASSETCATALOG_COMPILER_APPICON_NAME = AppIcon;
				ASSETCATALOG_COMPILER_GLOBAL_ACCENT_COLOR_NAME = AccentColor;
				CODE_SIGN_STYLE = Automatic;
				CURRENT_PROJECT_VERSION = 1;
				GENERATE_INFOPLIST_FILE = YES;
				INFOPLIST_FILE = dmv/Info.plist;
				INFOPLIST_KEY_UIApplicationSupportsIndirectInputEvents = YES;
				INFOPLIST_KEY_UILaunchStoryboardName = LaunchScreen;
				INFOPLIST_KEY_UIMainStoryboardFile = Main;
				INFOPLIST_KEY_UISupportedInterfaceOrientations_iPad = "UIInterfaceOrientationPortrait UIInterfaceOrientationPortraitUpsideDown UIInterfaceOrientationLandscapeLeft UIInterfaceOrientationLandscapeRight";
				INFOPLIST_KEY_UISupportedInterfaceOrientations_iPhone = "UIInterfaceOrientationPortrait UIInterfaceOrientationLandscapeLeft UIInterfaceOrientationLandscapeRight";
				LD_RUNPATH_SEARCH_PATHS = (
					"$(inherited)",
					"@executable_path/Frameworks",
				);
				MARKETING_VERSION = 1.0;
				PRODUCT_BUNDLE_IDENTIFIER = carlosBurbano.dmv;
				PRODUCT_NAME = "$(TARGET_NAME)";
				SWIFT_EMIT_LOC_STRINGS = YES;
				SWIFT_VERSION = 5.0;
				TARGETED_DEVICE_FAMILY = "1,2";
			};
			name = Release;
		};
		B09B487C2730BB320098550F /* Debug */ = {
			isa = XCBuildConfiguration;
			buildSettings = {
				ALWAYS_EMBED_SWIFT_STANDARD_LIBRARIES = YES;
				BUNDLE_LOADER = "$(TEST_HOST)";
				CODE_SIGN_STYLE = Automatic;
				CURRENT_PROJECT_VERSION = 1;
				GENERATE_INFOPLIST_FILE = YES;
				IPHONEOS_DEPLOYMENT_TARGET = 15.0;
				LD_RUNPATH_SEARCH_PATHS = (
					"$(inherited)",
					"@executable_path/Frameworks",
					"@loader_path/Frameworks",
				);
				MARKETING_VERSION = 1.0;
				PRODUCT_BUNDLE_IDENTIFIER = carlosBurbano.dmvTests;
				PRODUCT_NAME = "$(TARGET_NAME)";
				SWIFT_EMIT_LOC_STRINGS = NO;
				SWIFT_VERSION = 5.0;
				TARGETED_DEVICE_FAMILY = "1,2";
				TEST_HOST = "$(BUILT_PRODUCTS_DIR)/dmv.app/dmv";
			};
			name = Debug;
		};
		B09B487D2730BB320098550F /* Release */ = {
			isa = XCBuildConfiguration;
			buildSettings = {
				ALWAYS_EMBED_SWIFT_STANDARD_LIBRARIES = YES;
				BUNDLE_LOADER = "$(TEST_HOST)";
				CODE_SIGN_STYLE = Automatic;
				CURRENT_PROJECT_VERSION = 1;
				GENERATE_INFOPLIST_FILE = YES;
				IPHONEOS_DEPLOYMENT_TARGET = 15.0;
				LD_RUNPATH_SEARCH_PATHS = (
					"$(inherited)",
					"@executable_path/Frameworks",
					"@loader_path/Frameworks",
				);
				MARKETING_VERSION = 1.0;
				PRODUCT_BUNDLE_IDENTIFIER = carlosBurbano.dmvTests;
				PRODUCT_NAME = "$(TARGET_NAME)";
				SWIFT_EMIT_LOC_STRINGS = NO;
				SWIFT_VERSION = 5.0;
				TARGETED_DEVICE_FAMILY = "1,2";
				TEST_HOST = "$(BUILT_PRODUCTS_DIR)/dmv.app/dmv";
			};
			name = Release;
		};
		B09B487F2730BB320098550F /* Debug */ = {
			isa = XCBuildConfiguration;
			buildSettings = {
				ALWAYS_EMBED_SWIFT_STANDARD_LIBRARIES = YES;
				CODE_SIGN_STYLE = Automatic;
				CURRENT_PROJECT_VERSION = 1;
				GENERATE_INFOPLIST_FILE = YES;
				LD_RUNPATH_SEARCH_PATHS = (
					"$(inherited)",
					"@executable_path/Frameworks",
					"@loader_path/Frameworks",
				);
				MARKETING_VERSION = 1.0;
				PRODUCT_BUNDLE_IDENTIFIER = carlosBurbano.dmvUITests;
				PRODUCT_NAME = "$(TARGET_NAME)";
				SWIFT_EMIT_LOC_STRINGS = NO;
				SWIFT_VERSION = 5.0;
				TARGETED_DEVICE_FAMILY = "1,2";
				TEST_TARGET_NAME = dmv;
			};
			name = Debug;
		};
		B09B48802730BB320098550F /* Release */ = {
			isa = XCBuildConfiguration;
			buildSettings = {
				ALWAYS_EMBED_SWIFT_STANDARD_LIBRARIES = YES;
				CODE_SIGN_STYLE = Automatic;
				CURRENT_PROJECT_VERSION = 1;
				GENERATE_INFOPLIST_FILE = YES;
				LD_RUNPATH_SEARCH_PATHS = (
					"$(inherited)",
					"@executable_path/Frameworks",
					"@loader_path/Frameworks",
				);
				MARKETING_VERSION = 1.0;
				PRODUCT_BUNDLE_IDENTIFIER = carlosBurbano.dmvUITests;
				PRODUCT_NAME = "$(TARGET_NAME)";
				SWIFT_EMIT_LOC_STRINGS = NO;
				SWIFT_VERSION = 5.0;
				TARGETED_DEVICE_FAMILY = "1,2";
				TEST_TARGET_NAME = dmv;
			};
			name = Release;
		};
/* End XCBuildConfiguration section */

/* Begin XCConfigurationList section */
		B09B48492730BB2E0098550F /* Build configuration list for PBXProject "dmv" */ = {
			isa = XCConfigurationList;
			buildConfigurations = (
				B09B48762730BB320098550F /* Debug */,
				B09B48772730BB320098550F /* Release */,
			);
			defaultConfigurationIsVisible = 0;
			defaultConfigurationName = Release;
		};
		B09B48782730BB320098550F /* Build configuration list for PBXNativeTarget "dmv" */ = {
			isa = XCConfigurationList;
			buildConfigurations = (
				B09B48792730BB320098550F /* Debug */,
				B09B487A2730BB320098550F /* Release */,
			);
			defaultConfigurationIsVisible = 0;
			defaultConfigurationName = Release;
		};
		B09B487B2730BB320098550F /* Build configuration list for PBXNativeTarget "dmvTests" */ = {
			isa = XCConfigurationList;
			buildConfigurations = (
				B09B487C2730BB320098550F /* Debug */,
				B09B487D2730BB320098550F /* Release */,
			);
			defaultConfigurationIsVisible = 0;
			defaultConfigurationName = Release;
		};
		B09B487E2730BB320098550F /* Build configuration list for PBXNativeTarget "dmvUITests" */ = {
			isa = XCConfigurationList;
			buildConfigurations = (
				B09B487F2730BB320098550F /* Debug */,
				B09B48802730BB320098550F /* Release */,
			);
			defaultConfigurationIsVisible = 0;
			defaultConfigurationName = Release;
		};
/* End XCConfigurationList section */
	};
	rootObject = B09B48462730BB2E0098550F /* Project object */;
}
